
Microsoft Visual Studio Solution File, Format Version 12.00
# Visual Studio Version 17
VisualStudioVersion = 17.11.35222.181
MinimumVisualStudioVersion = 10.0.40219.1
Project("{9A19103F-16F7-4668-BE54-9A1E7A4F7556}") = "Web_cuoi_ky_5_chua_biet_lam_gi", "Web_cuoi_ky_5_chua_biet_lam_gi\Web_cuoi_ky_5_chua_biet_lam_gi.csproj", "{ED66253D-BBB4-47C5-B613-D3F64D6BA85B}"
EndProject
Project("{9A19103F-16F7-4668-BE54-9A1E7A4F7556}") = "Core.Database", "ConsoleApp1\Core.Database.csproj", "{04711784-D121-4390-A247-A478AE72BCA7}"
EndProject
Global
	GlobalSection(SolutionConfigurationPlatforms) = preSolution
		Debug|Any CPU = Debug|Any CPU
		Release|Any CPU = Release|Any CPU
	EndGlobalSection
	GlobalSection(ProjectConfigurationPlatforms) = postSolution
		{ED66253D-BBB4-47C5-B613-D3F64D6BA85B}.Debug|Any CPU.ActiveCfg = Debug|Any CPU
		{ED66253D-BBB4-47C5-B613-D3F64D6BA85B}.Debug|Any CPU.Build.0 = Debug|Any CPU
		{ED66253D-BBB4-47C5-B613-D3F64D6BA85B}.Release|Any CPU.ActiveCfg = Release|Any CPU
		{ED66253D-BBB4-47C5-B613-D3F64D6BA85B}.Release|Any CPU.Build.0 = Release|Any CPU
		{04711784-D121-4390-A247-A478AE72BCA7}.Debug|Any CPU.ActiveCfg = Debug|Any CPU
		{04711784-D121-4390-A247-A478AE72BCA7}.Debug|Any CPU.Build.0 = Debug|Any CPU
		{04711784-D121-4390-A247-A478AE72BCA7}.Release|Any CPU.ActiveCfg = Release|Any CPU
		{04711784-D121-4390-A247-A478AE72BCA7}.Release|Any CPU.Build.0 = Release|Any CPU
	EndGlobalSection
	GlobalSection(SolutionProperties) = preSolution
		HideSolutionNode = FALSE
	EndGlobalSection
	GlobalSection(ExtensibilityGlobals) = postSolution
		SolutionGuid = {E71592C3-BE43-40E7-99F5-AEC2D328E385}
	EndGlobalSection
EndGlobal
